
Microsoft Visual Studio Solution File, Format Version 12.00
# Visual Studio Version 17
VisualStudioVersion = 17.2.32526.322
MinimumVisualStudioVersion = 10.0.40219.1
Project("{2150E333-8FDC-42A3-9474-1A3956D46DE8}") = "Services", "Services", "{F80C4E6E-CB04-4B61-B746-20412766CFB8}"
EndProject
Project("{2150E333-8FDC-42A3-9474-1A3956D46DE8}") = "Catalog", "Catalog", "{D4C96EB4-C2A3-4587-982D-4E08379449E2}"
EndProject
Project("{9A19103F-16F7-4668-BE54-9A1E7A4F7556}") = "Catalog.Api", "Services\Catalog\Catalog.Api\Catalog.Api.csproj", "{DD6CC299-CD09-44EA-90B0-91C4A072ED42}"
EndProject
Project("{2150E333-8FDC-42A3-9474-1A3956D46DE8}") = "Library", "Library", "{7BD81A43-32EC-46D1-9337-C50D905B08A8}"
EndProject
Project("{9A19103F-16F7-4668-BE54-9A1E7A4F7556}") = "Utilities", "Library\Utilities\Utilities.csproj", "{13407D57-56FC-41E3-AB6C-7199B56CD9FC}"
EndProject
Project("{E53339B2-1760-4266-BCC7-CA923CBCF16C}") = "docker-compose", "docker-compose.dcproj", "{7D54D925-5BAA-4E72-94DF-07D892F7649A}"
EndProject
Project("{2150E333-8FDC-42A3-9474-1A3956D46DE8}") = "Documents", "Documents", "{5659967E-A040-4553-AD2F-F5D2CDA73E30}"
	ProjectSection(SolutionItems) = preProject
		..\docs\commands.md = ..\docs\commands.md
		C:\Users\osama\Downloads\Docker+Commands.txt = C:\Users\osama\Downloads\Docker+Commands.txt
		C:\Users\osama\Downloads\docker+compose+commands.txt = C:\Users\osama\Downloads\docker+compose+commands.txt
		C:\Users\osama\Downloads\Microservices.Net.postman_collection.json = C:\Users\osama\Downloads\Microservices.Net.postman_collection.json
		..\docs\mongo+commands.txt = ..\docs\mongo+commands.txt
	EndProjectSection
EndProject
Project("{2150E333-8FDC-42A3-9474-1A3956D46DE8}") = "Basket", "Basket", "{C24F30F7-0A7B-4FB4-B3B1-66895B23C41D}"
EndProject
Project("{9A19103F-16F7-4668-BE54-9A1E7A4F7556}") = "Basket.Api", "Services\Basket\Basket.Api\Basket.Api.csproj", "{7A1F7F6D-B7CC-4090-B1DE-F2C8AC19F390}"
EndProject
Project("{2150E333-8FDC-42A3-9474-1A3956D46DE8}") = "Ordering", "Ordering", "{C586C66A-CFA6-411D-8C88-7B7BFA8FD3D8}"
EndProject
Project("{FAE04EC0-301F-11D3-BF4B-00C04F79EFBC}") = "Ordering.Api", "Services\Ordering\Ordering.Api\Ordering.Api.csproj", "{019D919F-F948-442C-ABCA-B12701AC276F}"
EndProject
Project("{FAE04EC0-301F-11D3-BF4B-00C04F79EFBC}") = "Ordering.Domain", "Services\Ordering\Ordering.Domain\Ordering.Domain.csproj", "{A8521705-BFB4-4C4D-8E42-008D479CBD5E}"
EndProject
Project("{FAE04EC0-301F-11D3-BF4B-00C04F79EFBC}") = "Ordering.Application", "Services\Ordering\Ordering.Application\Ordering.Application.csproj", "{848C1ACA-DD2A-4597-8DF6-393DEEC294CF}"
EndProject
Project("{FAE04EC0-301F-11D3-BF4B-00C04F79EFBC}") = "Ordering.Infrastructure", "Services\Ordering\Ordering.Infrastructure\Ordering.Infrastructure.csproj", "{BBAD35A5-B137-4EE1-AD00-1F8593E231E3}"
EndProject
Global
	GlobalSection(SolutionConfigurationPlatforms) = preSolution
		Debug|Any CPU = Debug|Any CPU
		Release|Any CPU = Release|Any CPU
	EndGlobalSection
	GlobalSection(ProjectConfigurationPlatforms) = postSolution
		{DD6CC299-CD09-44EA-90B0-91C4A072ED42}.Debug|Any CPU.ActiveCfg = Debug|Any CPU
		{DD6CC299-CD09-44EA-90B0-91C4A072ED42}.Debug|Any CPU.Build.0 = Debug|Any CPU
		{DD6CC299-CD09-44EA-90B0-91C4A072ED42}.Release|Any CPU.ActiveCfg = Release|Any CPU
		{DD6CC299-CD09-44EA-90B0-91C4A072ED42}.Release|Any CPU.Build.0 = Release|Any CPU
		{13407D57-56FC-41E3-AB6C-7199B56CD9FC}.Debug|Any CPU.ActiveCfg = Debug|Any CPU
		{13407D57-56FC-41E3-AB6C-7199B56CD9FC}.Debug|Any CPU.Build.0 = Debug|Any CPU
		{13407D57-56FC-41E3-AB6C-7199B56CD9FC}.Release|Any CPU.ActiveCfg = Release|Any CPU
		{13407D57-56FC-41E3-AB6C-7199B56CD9FC}.Release|Any CPU.Build.0 = Release|Any CPU
		{7D54D925-5BAA-4E72-94DF-07D892F7649A}.Debug|Any CPU.ActiveCfg = Debug|Any CPU
		{7D54D925-5BAA-4E72-94DF-07D892F7649A}.Debug|Any CPU.Build.0 = Debug|Any CPU
		{7D54D925-5BAA-4E72-94DF-07D892F7649A}.Release|Any CPU.ActiveCfg = Release|Any CPU
		{7D54D925-5BAA-4E72-94DF-07D892F7649A}.Release|Any CPU.Build.0 = Release|Any CPU
		{7A1F7F6D-B7CC-4090-B1DE-F2C8AC19F390}.Debug|Any CPU.ActiveCfg = Debug|Any CPU
		{7A1F7F6D-B7CC-4090-B1DE-F2C8AC19F390}.Debug|Any CPU.Build.0 = Debug|Any CPU
		{7A1F7F6D-B7CC-4090-B1DE-F2C8AC19F390}.Release|Any CPU.ActiveCfg = Release|Any CPU
		{7A1F7F6D-B7CC-4090-B1DE-F2C8AC19F390}.Release|Any CPU.Build.0 = Release|Any CPU
		{019D919F-F948-442C-ABCA-B12701AC276F}.Debug|Any CPU.ActiveCfg = Debug|Any CPU
		{019D919F-F948-442C-ABCA-B12701AC276F}.Debug|Any CPU.Build.0 = Debug|Any CPU
		{019D919F-F948-442C-ABCA-B12701AC276F}.Release|Any CPU.ActiveCfg = Release|Any CPU
		{019D919F-F948-442C-ABCA-B12701AC276F}.Release|Any CPU.Build.0 = Release|Any CPU
		{A8521705-BFB4-4C4D-8E42-008D479CBD5E}.Debug|Any CPU.ActiveCfg = Debug|Any CPU
		{A8521705-BFB4-4C4D-8E42-008D479CBD5E}.Debug|Any CPU.Build.0 = Debug|Any CPU
		{A8521705-BFB4-4C4D-8E42-008D479CBD5E}.Release|Any CPU.ActiveCfg = Release|Any CPU
		{A8521705-BFB4-4C4D-8E42-008D479CBD5E}.Release|Any CPU.Build.0 = Release|Any CPU
		{848C1ACA-DD2A-4597-8DF6-393DEEC294CF}.Debug|Any CPU.ActiveCfg = Debug|Any CPU
		{848C1ACA-DD2A-4597-8DF6-393DEEC294CF}.Debug|Any CPU.Build.0 = Debug|Any CPU
		{848C1ACA-DD2A-4597-8DF6-393DEEC294CF}.Release|Any CPU.ActiveCfg = Release|Any CPU
		{848C1ACA-DD2A-4597-8DF6-393DEEC294CF}.Release|Any CPU.Build.0 = Release|Any CPU
		{BBAD35A5-B137-4EE1-AD00-1F8593E231E3}.Debug|Any CPU.ActiveCfg = Debug|Any CPU
		{BBAD35A5-B137-4EE1-AD00-1F8593E231E3}.Debug|Any CPU.Build.0 = Debug|Any CPU
		{BBAD35A5-B137-4EE1-AD00-1F8593E231E3}.Release|Any CPU.ActiveCfg = Release|Any CPU
		{BBAD35A5-B137-4EE1-AD00-1F8593E231E3}.Release|Any CPU.Build.0 = Release|Any CPU
	EndGlobalSection
	GlobalSection(SolutionProperties) = preSolution
		HideSolutionNode = FALSE
	EndGlobalSection
	GlobalSection(NestedProjects) = preSolution
		{D4C96EB4-C2A3-4587-982D-4E08379449E2} = {F80C4E6E-CB04-4B61-B746-20412766CFB8}
		{DD6CC299-CD09-44EA-90B0-91C4A072ED42} = {D4C96EB4-C2A3-4587-982D-4E08379449E2}
		{13407D57-56FC-41E3-AB6C-7199B56CD9FC} = {7BD81A43-32EC-46D1-9337-C50D905B08A8}
		{C24F30F7-0A7B-4FB4-B3B1-66895B23C41D} = {F80C4E6E-CB04-4B61-B746-20412766CFB8}
		{7A1F7F6D-B7CC-4090-B1DE-F2C8AC19F390} = {C24F30F7-0A7B-4FB4-B3B1-66895B23C41D}
		{C586C66A-CFA6-411D-8C88-7B7BFA8FD3D8} = {F80C4E6E-CB04-4B61-B746-20412766CFB8}
		{019D919F-F948-442C-ABCA-B12701AC276F} = {C586C66A-CFA6-411D-8C88-7B7BFA8FD3D8}
		{A8521705-BFB4-4C4D-8E42-008D479CBD5E} = {C586C66A-CFA6-411D-8C88-7B7BFA8FD3D8}
		{848C1ACA-DD2A-4597-8DF6-393DEEC294CF} = {C586C66A-CFA6-411D-8C88-7B7BFA8FD3D8}
		{BBAD35A5-B137-4EE1-AD00-1F8593E231E3} = {C586C66A-CFA6-411D-8C88-7B7BFA8FD3D8}
	EndGlobalSection
	GlobalSection(ExtensibilityGlobals) = postSolution
		SolutionGuid = {328E21C3-8327-461C-9DFC-38C992FA24D1}
	EndGlobalSection
EndGlobal
