
Microsoft Visual Studio Solution File, Format Version 12.00
# Visual Studio Version 17
VisualStudioVersion = 17.2.32526.322
MinimumVisualStudioVersion = 10.0.40219.1
Project("{2150E333-8FDC-42A3-9474-1A3956D46DE8}") = "Services", "Services", "{F80C4E6E-CB04-4B61-B746-20412766CFB8}"
EndProject
Project("{2150E333-8FDC-42A3-9474-1A3956D46DE8}") = "Catalog", "Catalog", "{D4C96EB4-C2A3-4587-982D-4E08379449E2}"
EndProject
Project("{FAE04EC0-301F-11D3-BF4B-00C04F79EFBC}") = "Catalog.Api", "Services\Catalog\Catalog.Api\Catalog.Api.csproj", "{DD6CC299-CD09-44EA-90B0-91C4A072ED42}"
EndProject
Global
	GlobalSection(SolutionConfigurationPlatforms) = preSolution
		Debug|Any CPU = Debug|Any CPU
		Release|Any CPU = Release|Any CPU
	EndGlobalSection
	GlobalSection(ProjectConfigurationPlatforms) = postSolution
		{DD6CC299-CD09-44EA-90B0-91C4A072ED42}.Debug|Any CPU.ActiveCfg = Debug|Any CPU
		{DD6CC299-CD09-44EA-90B0-91C4A072ED42}.Debug|Any CPU.Build.0 = Debug|Any CPU
		{DD6CC299-CD09-44EA-90B0-91C4A072ED42}.Release|Any CPU.ActiveCfg = Release|Any CPU
		{DD6CC299-CD09-44EA-90B0-91C4A072ED42}.Release|Any CPU.Build.0 = Release|Any CPU
	EndGlobalSection
	GlobalSection(SolutionProperties) = preSolution
		HideSolutionNode = FALSE
	EndGlobalSection
	GlobalSection(NestedProjects) = preSolution
		{D4C96EB4-C2A3-4587-982D-4E08379449E2} = {F80C4E6E-CB04-4B61-B746-20412766CFB8}
		{DD6CC299-CD09-44EA-90B0-91C4A072ED42} = {D4C96EB4-C2A3-4587-982D-4E08379449E2}
	EndGlobalSection
	GlobalSection(ExtensibilityGlobals) = postSolution
		SolutionGuid = {328E21C3-8327-461C-9DFC-38C992FA24D1}
	EndGlobalSection
EndGlobal
